
Microsoft Visual Studio Solution File, Format Version 11.00
# Visual Studio 2010
Project("{8BC9CEB8-8B4A-11D0-8D11-00A0C91BC942}") = "Blatt01.Aufgabe01", "Blatt01.Aufgabe01\Blatt01.Aufgabe01.vcxproj", "{C2EFC983-C8AA-4713-8EA5-BD4CC0F8D67A}"
EndProject
Project("{8BC9CEB8-8B4A-11D0-8D11-00A0C91BC942}") = "Blatt01.Aufgabe02", "Blatt01.Aufgabe02\Blatt01.Aufgabe02.vcxproj", "{D1646719-2494-418F-8774-5E0332B64D69}"
EndProject
Project("{8BC9CEB8-8B4A-11D0-8D11-00A0C91BC942}") = "Blatt01.Aufgabe03", "Blatt01.Aufgabe03\Blatt01.Aufgabe03.vcxproj", "{4246B813-EA50-49ED-AC79-147A7F5EAFDD}"
EndProject
Project("{8BC9CEB8-8B4A-11D0-8D11-00A0C91BC942}") = "Blatt01.Aufgabe04", "Blatt01.Aufgabe04\Blatt01.Aufgabe04.vcxproj", "{1EE1A0FF-75BF-4C18-AAE9-707BD5DBB381}"
EndProject
Project("{8BC9CEB8-8B4A-11D0-8D11-00A0C91BC942}") = "Blatt01.Aufgabe05", "Blatt01.Aufgabe05\Blatt01.Aufgabe05.vcxproj", "{342549D2-82F2-403F-84C8-88A049383B3C}"
EndProject
Project("{8BC9CEB8-8B4A-11D0-8D11-00A0C91BC942}") = "Blatt01.Aufgabe06", "Blatt01.Aufgabe06\Blatt01.Aufgabe06.vcxproj", "{F4406BAB-FAEB-4C48-A80E-F6BC29228612}"
EndProject
Project("{8BC9CEB8-8B4A-11D0-8D11-00A0C91BC942}") = "Blatt01.Aufgabe07", "Blatt01.Aufgabe07\Blatt01.Aufgabe07.vcxproj", "{0AA41F82-103F-40A3-A3A5-43985D46534C}"
EndProject
Project("{8BC9CEB8-8B4A-11D0-8D11-00A0C91BC942}") = "Blatt02.Aufgabe01", "Blatt02.Aufgabe01\Blatt02.Aufgabe01.vcxproj", "{C528EA15-DD15-4008-BBC5-EC79984C26B1}"
EndProject
Project("{8BC9CEB8-8B4A-11D0-8D11-00A0C91BC942}") = "Blatt02.Aufgabe02", "Blatt02.Aufgabe02\Blatt02.Aufgabe02.vcxproj", "{319563E9-D23D-4336-BB7B-C0C2A03B2B19}"
EndProject
Project("{8BC9CEB8-8B4A-11D0-8D11-00A0C91BC942}") = "Blatt02.Aufgabe03", "Blatt02.Aufgabe03\Blatt02.Aufgabe03.vcxproj", "{D5A78D07-7423-45B8-BDD3-F40B4E56BA46}"
EndProject
Project("{8BC9CEB8-8B4A-11D0-8D11-00A0C91BC942}") = "Blatt02.Aufgabe04", "Blatt03.Aufgabe04\Blatt03.Aufgabe04.vcxproj", "{2D713CF8-39AE-48FE-8876-78EF5708611B}"
EndProject
Project("{8BC9CEB8-8B4A-11D0-8D11-00A0C91BC942}") = "Blatt03.Aufgabe01", "Blatt03.Aufgabe01\Blatt03.Aufgabe01.vcxproj", "{BB0B9DF2-B3A5-4E37-A869-0E29CB922AEA}"
EndProject
Project("{8BC9CEB8-8B4A-11D0-8D11-00A0C91BC942}") = "Blatt03.Aufgabe03", "Blatt03.Aufgabe03\Blatt03.Aufgabe03.vcxproj", "{8A437CA7-761B-44C7-A716-842A781D80DA}"
EndProject
Project("{8BC9CEB8-8B4A-11D0-8D11-00A0C91BC942}") = "Blatt04.Aufgabe02", "Blatt04.Aufgabe02\Blatt04.Aufgabe02.vcxproj", "{D9FA3BEA-D59E-4CC0-9235-FDB5D67F73E2}"
EndProject
Project("{8BC9CEB8-8B4A-11D0-8D11-00A0C91BC942}") = "Blatt04.Aufgabe03", "Blatt04.Aufgabe03\Blatt04.Aufgabe03.vcxproj", "{40A55B51-A2D5-4F91-9E19-640DB3CC99F1}"
EndProject
Project("{8BC9CEB8-8B4A-11D0-8D11-00A0C91BC942}") = "Blatt05.Aufgabe01", "Blatt05.Aufgabe01\Blatt05.Aufgabe01.vcxproj", "{69423C9B-6F84-40D5-8E22-1FC36F6256AA}"
EndProject
Project("{8BC9CEB8-8B4A-11D0-8D11-00A0C91BC942}") = "Blatt05.Aufgabe02", "Blatt05.Aufgabe02\Blatt05.Aufgabe02.vcxproj", "{DDF854E1-64DA-41B3-8DD8-D43A73825EC1}"
EndProject
Project("{8BC9CEB8-8B4A-11D0-8D11-00A0C91BC942}") = "Blatt05.Aufgabe03", "Blatt05.Aufgabe03\Blatt05.Aufgabe03.vcxproj", "{D02A8D1C-121D-4E31-A308-2BE032596ADC}"
EndProject
Global
	GlobalSection(SubversionScc) = preSolution
		Svn-Managed = True
		Manager = AnkhSVN - Subversion Support for Visual Studio
	EndGlobalSection
	GlobalSection(SolutionConfigurationPlatforms) = preSolution
		Debug|Win32 = Debug|Win32
		Release|Win32 = Release|Win32
	EndGlobalSection
	GlobalSection(ProjectConfigurationPlatforms) = postSolution
		{C2EFC983-C8AA-4713-8EA5-BD4CC0F8D67A}.Debug|Win32.ActiveCfg = Debug|Win32
		{C2EFC983-C8AA-4713-8EA5-BD4CC0F8D67A}.Debug|Win32.Build.0 = Debug|Win32
		{C2EFC983-C8AA-4713-8EA5-BD4CC0F8D67A}.Release|Win32.ActiveCfg = Release|Win32
		{C2EFC983-C8AA-4713-8EA5-BD4CC0F8D67A}.Release|Win32.Build.0 = Release|Win32
		{D1646719-2494-418F-8774-5E0332B64D69}.Debug|Win32.ActiveCfg = Debug|Win32
		{D1646719-2494-418F-8774-5E0332B64D69}.Debug|Win32.Build.0 = Debug|Win32
		{D1646719-2494-418F-8774-5E0332B64D69}.Release|Win32.ActiveCfg = Release|Win32
		{D1646719-2494-418F-8774-5E0332B64D69}.Release|Win32.Build.0 = Release|Win32
		{4246B813-EA50-49ED-AC79-147A7F5EAFDD}.Debug|Win32.ActiveCfg = Debug|Win32
		{4246B813-EA50-49ED-AC79-147A7F5EAFDD}.Debug|Win32.Build.0 = Debug|Win32
		{4246B813-EA50-49ED-AC79-147A7F5EAFDD}.Release|Win32.ActiveCfg = Release|Win32
		{4246B813-EA50-49ED-AC79-147A7F5EAFDD}.Release|Win32.Build.0 = Release|Win32
		{1EE1A0FF-75BF-4C18-AAE9-707BD5DBB381}.Debug|Win32.ActiveCfg = Debug|Win32
		{1EE1A0FF-75BF-4C18-AAE9-707BD5DBB381}.Debug|Win32.Build.0 = Debug|Win32
		{1EE1A0FF-75BF-4C18-AAE9-707BD5DBB381}.Release|Win32.ActiveCfg = Release|Win32
		{1EE1A0FF-75BF-4C18-AAE9-707BD5DBB381}.Release|Win32.Build.0 = Release|Win32
		{342549D2-82F2-403F-84C8-88A049383B3C}.Debug|Win32.ActiveCfg = Debug|Win32
		{342549D2-82F2-403F-84C8-88A049383B3C}.Debug|Win32.Build.0 = Debug|Win32
		{342549D2-82F2-403F-84C8-88A049383B3C}.Release|Win32.ActiveCfg = Release|Win32
		{342549D2-82F2-403F-84C8-88A049383B3C}.Release|Win32.Build.0 = Release|Win32
		{F4406BAB-FAEB-4C48-A80E-F6BC29228612}.Debug|Win32.ActiveCfg = Debug|Win32
		{F4406BAB-FAEB-4C48-A80E-F6BC29228612}.Debug|Win32.Build.0 = Debug|Win32
		{F4406BAB-FAEB-4C48-A80E-F6BC29228612}.Release|Win32.ActiveCfg = Release|Win32
		{F4406BAB-FAEB-4C48-A80E-F6BC29228612}.Release|Win32.Build.0 = Release|Win32
		{0AA41F82-103F-40A3-A3A5-43985D46534C}.Debug|Win32.ActiveCfg = Debug|Win32
		{0AA41F82-103F-40A3-A3A5-43985D46534C}.Debug|Win32.Build.0 = Debug|Win32
		{0AA41F82-103F-40A3-A3A5-43985D46534C}.Release|Win32.ActiveCfg = Release|Win32
		{0AA41F82-103F-40A3-A3A5-43985D46534C}.Release|Win32.Build.0 = Release|Win32
		{C528EA15-DD15-4008-BBC5-EC79984C26B1}.Debug|Win32.ActiveCfg = Debug|Win32
		{C528EA15-DD15-4008-BBC5-EC79984C26B1}.Debug|Win32.Build.0 = Debug|Win32
		{C528EA15-DD15-4008-BBC5-EC79984C26B1}.Release|Win32.ActiveCfg = Release|Win32
		{C528EA15-DD15-4008-BBC5-EC79984C26B1}.Release|Win32.Build.0 = Release|Win32
		{319563E9-D23D-4336-BB7B-C0C2A03B2B19}.Debug|Win32.ActiveCfg = Debug|Win32
		{319563E9-D23D-4336-BB7B-C0C2A03B2B19}.Debug|Win32.Build.0 = Debug|Win32
		{319563E9-D23D-4336-BB7B-C0C2A03B2B19}.Release|Win32.ActiveCfg = Release|Win32
		{319563E9-D23D-4336-BB7B-C0C2A03B2B19}.Release|Win32.Build.0 = Release|Win32
		{D5A78D07-7423-45B8-BDD3-F40B4E56BA46}.Debug|Win32.ActiveCfg = Debug|Win32
		{D5A78D07-7423-45B8-BDD3-F40B4E56BA46}.Debug|Win32.Build.0 = Debug|Win32
		{D5A78D07-7423-45B8-BDD3-F40B4E56BA46}.Release|Win32.ActiveCfg = Release|Win32
		{D5A78D07-7423-45B8-BDD3-F40B4E56BA46}.Release|Win32.Build.0 = Release|Win32
		{2D713CF8-39AE-48FE-8876-78EF5708611B}.Debug|Win32.ActiveCfg = Debug|Win32
		{2D713CF8-39AE-48FE-8876-78EF5708611B}.Debug|Win32.Build.0 = Debug|Win32
		{2D713CF8-39AE-48FE-8876-78EF5708611B}.Release|Win32.ActiveCfg = Release|Win32
		{2D713CF8-39AE-48FE-8876-78EF5708611B}.Release|Win32.Build.0 = Release|Win32
		{BB0B9DF2-B3A5-4E37-A869-0E29CB922AEA}.Debug|Win32.ActiveCfg = Debug|Win32
		{BB0B9DF2-B3A5-4E37-A869-0E29CB922AEA}.Debug|Win32.Build.0 = Debug|Win32
		{BB0B9DF2-B3A5-4E37-A869-0E29CB922AEA}.Release|Win32.ActiveCfg = Release|Win32
		{BB0B9DF2-B3A5-4E37-A869-0E29CB922AEA}.Release|Win32.Build.0 = Release|Win32
		{8A437CA7-761B-44C7-A716-842A781D80DA}.Debug|Win32.ActiveCfg = Debug|Win32
		{8A437CA7-761B-44C7-A716-842A781D80DA}.Debug|Win32.Build.0 = Debug|Win32
		{8A437CA7-761B-44C7-A716-842A781D80DA}.Release|Win32.ActiveCfg = Release|Win32
		{8A437CA7-761B-44C7-A716-842A781D80DA}.Release|Win32.Build.0 = Release|Win32
		{D9FA3BEA-D59E-4CC0-9235-FDB5D67F73E2}.Debug|Win32.ActiveCfg = Debug|Win32
		{D9FA3BEA-D59E-4CC0-9235-FDB5D67F73E2}.Debug|Win32.Build.0 = Debug|Win32
		{D9FA3BEA-D59E-4CC0-9235-FDB5D67F73E2}.Release|Win32.ActiveCfg = Release|Win32
		{D9FA3BEA-D59E-4CC0-9235-FDB5D67F73E2}.Release|Win32.Build.0 = Release|Win32
		{40A55B51-A2D5-4F91-9E19-640DB3CC99F1}.Debug|Win32.ActiveCfg = Debug|Win32
		{40A55B51-A2D5-4F91-9E19-640DB3CC99F1}.Debug|Win32.Build.0 = Debug|Win32
		{40A55B51-A2D5-4F91-9E19-640DB3CC99F1}.Release|Win32.ActiveCfg = Release|Win32
		{40A55B51-A2D5-4F91-9E19-640DB3CC99F1}.Release|Win32.Build.0 = Release|Win32
		{69423C9B-6F84-40D5-8E22-1FC36F6256AA}.Debug|Win32.ActiveCfg = Debug|Win32
		{69423C9B-6F84-40D5-8E22-1FC36F6256AA}.Debug|Win32.Build.0 = Debug|Win32
		{69423C9B-6F84-40D5-8E22-1FC36F6256AA}.Release|Win32.ActiveCfg = Release|Win32
		{69423C9B-6F84-40D5-8E22-1FC36F6256AA}.Release|Win32.Build.0 = Release|Win32
		{DDF854E1-64DA-41B3-8DD8-D43A73825EC1}.Debug|Win32.ActiveCfg = Debug|Win32
		{DDF854E1-64DA-41B3-8DD8-D43A73825EC1}.Debug|Win32.Build.0 = Debug|Win32
		{DDF854E1-64DA-41B3-8DD8-D43A73825EC1}.Release|Win32.ActiveCfg = Release|Win32
		{DDF854E1-64DA-41B3-8DD8-D43A73825EC1}.Release|Win32.Build.0 = Release|Win32
		{D02A8D1C-121D-4E31-A308-2BE032596ADC}.Debug|Win32.ActiveCfg = Debug|Win32
		{D02A8D1C-121D-4E31-A308-2BE032596ADC}.Debug|Win32.Build.0 = Debug|Win32
		{D02A8D1C-121D-4E31-A308-2BE032596ADC}.Release|Win32.ActiveCfg = Release|Win32
		{D02A8D1C-121D-4E31-A308-2BE032596ADC}.Release|Win32.Build.0 = Release|Win32
	EndGlobalSection
	GlobalSection(SolutionProperties) = preSolution
		HideSolutionNode = FALSE
	EndGlobalSection
EndGlobal
